
Microsoft Visual Studio Solution File, Format Version 12.00
Project("{FAE04EC0-301F-11D3-BF4B-00C04F79EFBC}") = "KataTennis.Lib", "KataTennis.Lib\KataTennis.Lib.csproj", "{4F82F2B7-D3E6-41B1-AD4B-70F1294B90BD}"
EndProject
Project("{FAE04EC0-301F-11D3-BF4B-00C04F79EFBC}") = "KataTennis.Test", "KataTennis.Test\KataTennis.Test.csproj", "{A0C1C6F2-5CE4-48F0-948D-65914127DD9E}"
EndProject
Global
	GlobalSection(SolutionConfigurationPlatforms) = preSolution
		Debug|Any CPU = Debug|Any CPU
		Release|Any CPU = Release|Any CPU
	EndGlobalSection
	GlobalSection(ProjectConfigurationPlatforms) = postSolution
		{4F82F2B7-D3E6-41B1-AD4B-70F1294B90BD}.Debug|Any CPU.ActiveCfg = Debug|Any CPU
		{4F82F2B7-D3E6-41B1-AD4B-70F1294B90BD}.Debug|Any CPU.Build.0 = Debug|Any CPU
		{4F82F2B7-D3E6-41B1-AD4B-70F1294B90BD}.Release|Any CPU.ActiveCfg = Release|Any CPU
		{4F82F2B7-D3E6-41B1-AD4B-70F1294B90BD}.Release|Any CPU.Build.0 = Release|Any CPU
		{A0C1C6F2-5CE4-48F0-948D-65914127DD9E}.Debug|Any CPU.ActiveCfg = Debug|Any CPU
		{A0C1C6F2-5CE4-48F0-948D-65914127DD9E}.Debug|Any CPU.Build.0 = Debug|Any CPU
		{A0C1C6F2-5CE4-48F0-948D-65914127DD9E}.Release|Any CPU.ActiveCfg = Release|Any CPU
		{A0C1C6F2-5CE4-48F0-948D-65914127DD9E}.Release|Any CPU.Build.0 = Release|Any CPU
	EndGlobalSection
EndGlobal
